
Microsoft Visual Studio Solution File, Format Version 12.00
# Visual Studio Version 16
VisualStudioVersion = 16.0.29123.88
MinimumVisualStudioVersion = 10.0.40219.1
Project("{F184B08F-C81C-45F6-A57F-5ABD9991F28F}") = "Kolassa.DesignCenter.ReportManager", "Kolassa.DesignCenter.ReportManager\Kolassa.DesignCenter.ReportManager.vbproj", "{6B356DD9-6DD2-4FCF-AAC4-CAF1BBFEA785}"
EndProject
Project("{F184B08F-C81C-45F6-A57F-5ABD9991F28F}") = "Kolassa.DesignCentre.Data", "Kolassa.DesignCentre.Data\Kolassa.DesignCentre.Data.vbproj", "{E6E51BE8-19F2-4C68-8106-8C0AFAC40D62}"
EndProject
Project("{F184B08F-C81C-45F6-A57F-5ABD9991F28F}") = "Kolassa.DesignCentre.UI", "Kolassa.DesignCentre.UI\Kolassa.DesignCentre.UI.vbproj", "{CD8E53D2-B177-494B-AE08-1CEEF98E43D7}"
	ProjectSection(ProjectDependencies) = postProject
		{6B356DD9-6DD2-4FCF-AAC4-CAF1BBFEA785} = {6B356DD9-6DD2-4FCF-AAC4-CAF1BBFEA785}
		{E6E51BE8-19F2-4C68-8106-8C0AFAC40D62} = {E6E51BE8-19F2-4C68-8106-8C0AFAC40D62}
	EndProjectSection
EndProject
Global
	GlobalSection(SolutionConfigurationPlatforms) = preSolution
		Debug|Any CPU = Debug|Any CPU
		Release|Any CPU = Release|Any CPU
	EndGlobalSection
	GlobalSection(ProjectConfigurationPlatforms) = postSolution
		{6B356DD9-6DD2-4FCF-AAC4-CAF1BBFEA785}.Debug|Any CPU.ActiveCfg = Debug|Any CPU
		{6B356DD9-6DD2-4FCF-AAC4-CAF1BBFEA785}.Debug|Any CPU.Build.0 = Debug|Any CPU
		{6B356DD9-6DD2-4FCF-AAC4-CAF1BBFEA785}.Release|Any CPU.ActiveCfg = Release|Any CPU
		{6B356DD9-6DD2-4FCF-AAC4-CAF1BBFEA785}.Release|Any CPU.Build.0 = Release|Any CPU
		{E6E51BE8-19F2-4C68-8106-8C0AFAC40D62}.Debug|Any CPU.ActiveCfg = Debug|Any CPU
		{E6E51BE8-19F2-4C68-8106-8C0AFAC40D62}.Debug|Any CPU.Build.0 = Debug|Any CPU
		{E6E51BE8-19F2-4C68-8106-8C0AFAC40D62}.Release|Any CPU.ActiveCfg = Release|Any CPU
		{E6E51BE8-19F2-4C68-8106-8C0AFAC40D62}.Release|Any CPU.Build.0 = Release|Any CPU
		{CD8E53D2-B177-494B-AE08-1CEEF98E43D7}.Debug|Any CPU.ActiveCfg = Debug|Any CPU
		{CD8E53D2-B177-494B-AE08-1CEEF98E43D7}.Debug|Any CPU.Build.0 = Debug|Any CPU
		{CD8E53D2-B177-494B-AE08-1CEEF98E43D7}.Release|Any CPU.ActiveCfg = Release|Any CPU
		{CD8E53D2-B177-494B-AE08-1CEEF98E43D7}.Release|Any CPU.Build.0 = Release|Any CPU
	EndGlobalSection
	GlobalSection(SolutionProperties) = preSolution
		HideSolutionNode = FALSE
	EndGlobalSection
	GlobalSection(ExtensibilityGlobals) = postSolution
		SolutionGuid = {5A091699-1CEF-4F65-AC3A-0714F8D9737F}
	EndGlobalSection
EndGlobal
